
Microsoft Visual Studio Solution File, Format Version 12.00
# Visual Studio Version 16
VisualStudioVersion = 16.0.28729.10
MinimumVisualStudioVersion = 10.0.40219.1
Project("{2150E333-8FDC-42A3-9474-1A3956D46DE8}") = "src", "src", "{74E4E16D-C616-4441-B1BF-8FA564B0FE03}"
EndProject
Project("{2150E333-8FDC-42A3-9474-1A3956D46DE8}") = "Framework", "Framework", "{0A0A14BC-4569-4C5C-A100-63E5413698DF}"
EndProject
Project("{2150E333-8FDC-42A3-9474-1A3956D46DE8}") = "02_Utils", "02_Utils", "{8BE92EFE-A776-4E3F-897A-B97180814738}"
	ProjectSection(SolutionItems) = preProject
		src\Framework\Utils\Directory.Build.props = src\Framework\Utils\Directory.Build.props
	EndProjectSection
EndProject
Project("{9A19103F-16F7-4668-BE54-9A1E7A4F7556}") = "Utils.Core", "src\Framework\Utils\Utils.Core\Utils.Core.csproj", "{CA84CAEF-2356-4B52-B5C4-907594DABB81}"
EndProject
Project("{2150E333-8FDC-42A3-9474-1A3956D46DE8}") = "09_Module", "09_Module", "{266D1247-0402-4AD7-820D-67AF9B7C7D69}"
	ProjectSection(SolutionItems) = preProject
		src\Framework\Module\Directory.Build.props = src\Framework\Module\Directory.Build.props
	EndProjectSection
EndProject
Project("{9A19103F-16F7-4668-BE54-9A1E7A4F7556}") = "Module.Abstractions", "src\Framework\Module\Module.Abstractions\Module.Abstractions.csproj", "{40019587-B5FD-40CC-BB47-D34CE67C5329}"
EndProject
Project("{2150E333-8FDC-42A3-9474-1A3956D46DE8}") = "08_Auth", "08_Auth", "{CBEB17BA-C3A4-451C-95D5-6FA4EDF17F7E}"
	ProjectSection(SolutionItems) = preProject
		src\Framework\Auth\Directory.Build.props = src\Framework\Auth\Directory.Build.props
	EndProjectSection
EndProject
Project("{9A19103F-16F7-4668-BE54-9A1E7A4F7556}") = "Auth.Abstractions", "src\Framework\Auth\Auth.Abstractions\Auth.Abstractions.csproj", "{13AABF68-669B-4DBE-8E40-5F1F2DB5B4DA}"
EndProject
Project("{2150E333-8FDC-42A3-9474-1A3956D46DE8}") = "05_Validation", "05_Validation", "{AC1D477C-D9A9-4195-BD8A-381ED53F33C5}"
	ProjectSection(SolutionItems) = preProject
		src\Framework\Validation\Directory.Build.props = src\Framework\Validation\Directory.Build.props
	EndProjectSection
EndProject
Project("{9A19103F-16F7-4668-BE54-9A1E7A4F7556}") = "Validation.Abstractions", "src\Framework\Validation\Validation.Abstractions\Validation.Abstractions.csproj", "{D00DAAAD-550E-45C6-9B31-8C65B04B85B2}"
EndProject
Project("{9A19103F-16F7-4668-BE54-9A1E7A4F7556}") = "Auth.Jwt", "src\Framework\Auth\Auth.Jwt\Auth.Jwt.csproj", "{BAD4DE6D-7D1D-4555-B545-E9BE80F07BEA}"
EndProject
Project("{2150E333-8FDC-42A3-9474-1A3956D46DE8}") = "03_Data", "03_Data", "{8A20B488-093E-4BE0-BACA-75CB49D74827}"
	ProjectSection(SolutionItems) = preProject
		src\Framework\Data\Directory.Build.props = src\Framework\Data\Directory.Build.props
	EndProjectSection
EndProject
Project("{2150E333-8FDC-42A3-9474-1A3956D46DE8}") = "Core", "Core", "{B14A62EF-3160-4D69-8892-1D4A85D30A7E}"
EndProject
Project("{9A19103F-16F7-4668-BE54-9A1E7A4F7556}") = "Data.Abstractions", "src\Framework\Data\Core\Data.Abstractions\Data.Abstractions.csproj", "{4AC690BC-B410-4A2C-AED7-0609B224EFCC}"
EndProject
Project("{9A19103F-16F7-4668-BE54-9A1E7A4F7556}") = "Data.Core", "src\Framework\Data\Core\Data.Core\Data.Core.csproj", "{4758C55C-9ACF-4F34-AA45-303531270771}"
EndProject
Project("{2150E333-8FDC-42A3-9474-1A3956D46DE8}") = "Db", "Db", "{185CA55C-B3E3-4EAD-B3C4-7EC1FD878BD4}"
EndProject
Project("{9A19103F-16F7-4668-BE54-9A1E7A4F7556}") = "Data.MySql", "src\Framework\Data\Db\Data.MySql\Data.MySql.csproj", "{30F84B44-C466-4E7F-8E90-E33EB5B787F5}"
EndProject
Project("{9A19103F-16F7-4668-BE54-9A1E7A4F7556}") = "Data.SqlServer", "src\Framework\Data\Db\Data.SqlServer\Data.SqlServer.csproj", "{70E219EA-E535-4670-8AA8-0E31783FF612}"
EndProject
Project("{9A19103F-16F7-4668-BE54-9A1E7A4F7556}") = "Data.SQLite", "src\Framework\Data\Db\Data.SQLite\Data.SQLite.csproj", "{E3F26DBF-71F8-4FAD-AEB2-4ADA66CE1344}"
EndProject
Project("{2150E333-8FDC-42A3-9474-1A3956D46DE8}") = "Extend", "Extend", "{957CA2B2-5796-4CBD-9F1A-60EA45F002EB}"
EndProject
Project("{9A19103F-16F7-4668-BE54-9A1E7A4F7556}") = "Data.Query", "src\Framework\Data\Extend\Data.Query\Data.Query.csproj", "{4BA9907B-DD65-4A12-BD25-B774DC76C8B9}"
EndProject
Project("{2150E333-8FDC-42A3-9474-1A3956D46DE8}") = "Logging", "Logging", "{60FAC15D-B417-4B85-A123-C87C8BBC4D2E}"
EndProject
Project("{2150E333-8FDC-42A3-9474-1A3956D46DE8}") = "04_Mapper", "04_Mapper", "{893A4F30-E9FE-4E41-AAA0-4EDAAA1F5188}"
	ProjectSection(SolutionItems) = preProject
		src\Framework\Mapper\Directory.Build.props = src\Framework\Mapper\Directory.Build.props
	EndProjectSection
EndProject
Project("{9A19103F-16F7-4668-BE54-9A1E7A4F7556}") = "Validation.FluentValidation", "src\Framework\Validation\Validation.FluentValidation\Validation.FluentValidation.csproj", "{C9F8FEF5-0016-403C-B615-3FAC2AC7582A}"
EndProject
Project("{2150E333-8FDC-42A3-9474-1A3956D46DE8}") = "build", "build", "{4E0F1B74-5ADA-4E3F-BC28-B6155B213311}"
	ProjectSection(SolutionItems) = preProject
		src\Framework\Directory.Build.props = src\Framework\Directory.Build.props
		build\module.build.targets = build\module.build.targets
	EndProjectSection
EndProject
Project("{2150E333-8FDC-42A3-9474-1A3956D46DE8}") = "Cache", "Cache", "{07DFF9AB-0250-43B6-8B10-5C3F3F504C04}"
EndProject
Project("{9A19103F-16F7-4668-BE54-9A1E7A4F7556}") = "Mapper.AutoMapper", "src\Framework\Mapper\Mapper.AutoMapper\Mapper.AutoMapper.csproj", "{6CC2E7D3-41B6-4975-B8D3-869BB9A8834C}"
EndProject
Project("{2150E333-8FDC-42A3-9474-1A3956D46DE8}") = "MQ", "MQ", "{930AF546-D112-4019-9E36-E39ED2B2EBCB}"
EndProject
Project("{9A19103F-16F7-4668-BE54-9A1E7A4F7556}") = "Module.AspNetCore", "src\Framework\Module\Module.AspNetCore\Module.AspNetCore.csproj", "{90376973-0290-4209-A1BE-A2EC4D2CF84E}"
EndProject
Project("{2150E333-8FDC-42A3-9474-1A3956D46DE8}") = "01_Host", "01_Host", "{44B1DD79-0157-4263-B5A7-AF2B4D625AC5}"
	ProjectSection(SolutionItems) = preProject
		src\Framework\Host\Directory.Build.props = src\Framework\Host\Directory.Build.props
	EndProjectSection
EndProject
Project("{9A19103F-16F7-4668-BE54-9A1E7A4F7556}") = "Host.Web", "src\Framework\Host\Host.Web\Host.Web.csproj", "{64D93E1D-B064-4850-9616-E768DD854694}"
EndProject
Project("{9A19103F-16F7-4668-BE54-9A1E7A4F7556}") = "Auth.Web", "src\Framework\Auth\Auth.Web\Auth.Web.csproj", "{B08BB1E2-C78A-433E-8DBF-9926A1D1E2F5}"
EndProject
Project("{9A19103F-16F7-4668-BE54-9A1E7A4F7556}") = "Data.Integration", "src\Framework\Data\Extend\Data.Integration\Data.Integration.csproj", "{86CA8459-0652-4B7F-8F21-EDDBFBB3E433}"
EndProject
Project("{2150E333-8FDC-42A3-9474-1A3956D46DE8}") = "10_Quartz", "10_Quartz", "{9C848046-459D-41B4-B479-13E406B97C4A}"
	ProjectSection(SolutionItems) = preProject
		src\Framework\Quartz\Directory.Build.props = src\Framework\Quartz\Directory.Build.props
	EndProjectSection
EndProject
Project("{9A19103F-16F7-4668-BE54-9A1E7A4F7556}") = "Quartz.Abstractions", "src\Framework\Quartz\Quartz.Abstractions\Quartz.Abstractions.csproj", "{CE0C27E7-3CC4-4004-8E97-58209478FC28}"
EndProject
Project("{9A19103F-16F7-4668-BE54-9A1E7A4F7556}") = "Quartz.Core", "src\Framework\Quartz\Quartz.Core\Quartz.Core.csproj", "{AE42AFF1-F76C-4442-8F94-57ABF2B9CDBD}"
EndProject
Project("{2150E333-8FDC-42A3-9474-1A3956D46DE8}") = "Admin", "Admin", "{235A2FD4-BD93-4729-A689-0F26D7E60610}"
	ProjectSection(SolutionItems) = preProject
		src\Admin\Directory.Build.props = src\Admin\Directory.Build.props
	EndProjectSection
EndProject
Project("{2150E333-8FDC-42A3-9474-1A3956D46DE8}") = "Library", "Library", "{48576B23-B438-4B9B-8E7C-90C9B25ED4E4}"
EndProject
Project("{9A19103F-16F7-4668-BE54-9A1E7A4F7556}") = "Domain", "src\Admin\Library\Domain\Domain.csproj", "{63B4AA82-32ED-4F46-86E2-5C986B0697AD}"
EndProject
Project("{9A19103F-16F7-4668-BE54-9A1E7A4F7556}") = "Infrastructure", "src\Admin\Library\Infrastructure\Infrastructure.csproj", "{6AC2D2B3-CBC3-4DEA-BF81-D49EEEB94FA0}"
EndProject
Project("{9A19103F-16F7-4668-BE54-9A1E7A4F7556}") = "Application", "src\Admin\Library\Application\Application.csproj", "{BBEDC252-017B-4DC6-877F-9C8C61A17B43}"
EndProject
Project("{9A19103F-16F7-4668-BE54-9A1E7A4F7556}") = "Web", "src\Admin\Web\Web.csproj", "{98245DF7-E894-4428-9655-2B099B97A0B3}"
EndProject
Project("{9A19103F-16F7-4668-BE54-9A1E7A4F7556}") = "WebHost", "src\Admin\WebHost\WebHost.csproj", "{4A8260AE-974E-487F-B6A5-1503DB5F13F5}"
EndProject
Project("{9A19103F-16F7-4668-BE54-9A1E7A4F7556}") = "Data.PostgreSQL", "src\Framework\Data\Db\Data.PostgreSQL\Data.PostgreSQL.csproj", "{D046DDB1-C420-4BDF-9EE1-4A3138BF4BCD}"
EndProject
Project("{2150E333-8FDC-42A3-9474-1A3956D46DE8}") = "Excel", "Excel", "{1648E152-6907-4B52-A887-6F6102A12D50}"
EndProject
Project("{9A19103F-16F7-4668-BE54-9A1E7A4F7556}") = "Quartz", "src\Admin\Library\Quartz\Quartz.csproj", "{063A9A46-0D53-46F7-882D-CBEE79571F68}"
EndProject
Project("{2150E333-8FDC-42A3-9474-1A3956D46DE8}") = "Pdf", "Pdf", "{5CF9881B-A6C4-4746-807E-7E1CB8D0AC58}"
EndProject
Project("{2150E333-8FDC-42A3-9474-1A3956D46DE8}") = "07_Config", "07_Config", "{84F5A7ED-CE1E-4E68-A703-0785FB5AEADC}"
	ProjectSection(SolutionItems) = preProject
		src\Framework\Config\Directory.Build.props = src\Framework\Config\Directory.Build.props
	EndProjectSection
EndProject
Project("{9A19103F-16F7-4668-BE54-9A1E7A4F7556}") = "Config.Abstractions", "src\Framework\Config\Config.Abstractions\Config.Abstractions.csproj", "{721318F9-84E5-4A6B-8AFD-327CD41F92A1}"
EndProject
Project("{9A19103F-16F7-4668-BE54-9A1E7A4F7556}") = "Config.Core", "src\Framework\Config\Config.Core\Config.Core.csproj", "{E9C774A9-BD87-45D6-90D0-6F5E23C89CFC}"
EndProject
Project("{2150E333-8FDC-42A3-9474-1A3956D46DE8}") = "OSS", "OSS", "{E063CF6C-C069-4E83-971E-0C10E00DE7F0}"
EndProject
Project("{9A19103F-16F7-4668-BE54-9A1E7A4F7556}") = "Config.Redis", "src\Framework\Config\Config.Redis\Config.Redis.csproj", "{EAFE74BA-AD0B-4519-9F60-F0BED155E354}"
EndProject
Project("{2150E333-8FDC-42A3-9474-1A3956D46DE8}") = "11_Operation", "11_Operation", "{1773F6EE-E2EA-4C88-B802-43583F95B6FE}"
	ProjectSection(SolutionItems) = preProject
		src\Framework\Operation\Directory.Build.props = src\Framework\Operation\Directory.Build.props
	EndProjectSection
EndProject
Project("{9A19103F-16F7-4668-BE54-9A1E7A4F7556}") = "Excel.Abstractions", "src\Framework\Operation\Excel\Excel.Abstractions\Excel.Abstractions.csproj", "{E78F40BD-A281-4DE3-A419-BB813E3A927B}"
EndProject
Project("{9A19103F-16F7-4668-BE54-9A1E7A4F7556}") = "Excel.Integration", "src\Framework\Operation\Excel\Excel.Integration\Excel.Integration.csproj", "{A5F8D8F4-BF35-42B5-A19B-A8B4CBF12016}"
EndProject
Project("{9A19103F-16F7-4668-BE54-9A1E7A4F7556}") = "Excel.EPPlus", "src\Framework\Operation\Excel\Excel.EPPlus\Excel.EPPlus.csproj", "{85DBC42F-BA0D-4879-8455-49DA9926E6AD}"
EndProject
Project("{9A19103F-16F7-4668-BE54-9A1E7A4F7556}") = "OSS.Abstractions", "src\Framework\Operation\OSS\OSS.Abstractions\OSS.Abstractions.csproj", "{B544B3F7-0CA5-4193-986D-A395932C2ABB}"
EndProject
Project("{9A19103F-16F7-4668-BE54-9A1E7A4F7556}") = "OSS.Integration", "src\Framework\Operation\OSS\OSS.Integration\OSS.Integration.csproj", "{1E0F2FA9-241E-4603-A625-641414850823}"
EndProject
Project("{9A19103F-16F7-4668-BE54-9A1E7A4F7556}") = "OSS.Local", "src\Framework\Operation\OSS\OSS.Local\OSS.Local.csproj", "{3023AE23-213F-4866-A3F7-1CF9BC78DD4B}"
EndProject
Project("{9A19103F-16F7-4668-BE54-9A1E7A4F7556}") = "Pdf.Abstractions", "src\Framework\Operation\Pdf\Pdf.Abstractions\Pdf.Abstractions.csproj", "{EE7C713F-5BFB-4D9D-A989-BB780F5A2F34}"
EndProject
Project("{9A19103F-16F7-4668-BE54-9A1E7A4F7556}") = "Pdf.Integration", "src\Framework\Operation\Pdf\Pdf.Integration\Pdf.Integration.csproj", "{2A1B1D52-782E-4FE8-AE1A-5F6129BFB8EF}"
EndProject
Project("{9A19103F-16F7-4668-BE54-9A1E7A4F7556}") = "Pdf.iText", "src\Framework\Operation\Pdf\Pdf.iText\Pdf.iText.csproj", "{46F3DE86-9A92-4468-BDB6-B6D948D81F9D}"
EndProject
Project("{2150E333-8FDC-42A3-9474-1A3956D46DE8}") = "06_Apusic", "06_Apusic", "{A8BC2F0E-F447-4E20-85CB-E54CEF7C8E15}"
	ProjectSection(SolutionItems) = preProject
		src\Framework\Apusic\Directory.Build.props = src\Framework\Apusic\Directory.Build.props
	EndProjectSection
EndProject
Project("{9A19103F-16F7-4668-BE54-9A1E7A4F7556}") = "Host.Swagger", "src\Framework\Host\Host.Swagger\Host.Swagger.csproj", "{D2D463A9-5638-4AFF-AF84-99F39F676666}"
EndProject
Project("{9A19103F-16F7-4668-BE54-9A1E7A4F7556}") = "Cache.Abstractions", "src\Framework\Apusic\Cache\Cache.Abstractions\Cache.Abstractions.csproj", "{9F3B78B9-B7BC-4A8C-BDA0-18D8C5507D54}"
EndProject
Project("{9A19103F-16F7-4668-BE54-9A1E7A4F7556}") = "Cache.Integration", "src\Framework\Apusic\Cache\Cache.Integration\Cache.Integration.csproj", "{D5E2B65F-27E3-4F35-BBF5-CC05668F25D6}"
EndProject
Project("{9A19103F-16F7-4668-BE54-9A1E7A4F7556}") = "Cache.MemoryCache", "src\Framework\Apusic\Cache\Cache.MemoryCache\Cache.MemoryCache.csproj", "{50A816DC-ED1E-4060-BDD8-77D26661ED0B}"
EndProject
Project("{9A19103F-16F7-4668-BE54-9A1E7A4F7556}") = "Cache.Redis", "src\Framework\Apusic\Cache\Cache.Redis\Cache.Redis.csproj", "{4BA38B24-01A0-412C-99B8-1ADDEBE43622}"
EndProject
Project("{9A19103F-16F7-4668-BE54-9A1E7A4F7556}") = "Logging.Serilog", "src\Framework\Apusic\Logging\Logging.Serilog\Logging.Serilog.csproj", "{A2C0E911-45B3-4DCB-BAF7-05E0974EE03E}"
EndProject
Project("{9A19103F-16F7-4668-BE54-9A1E7A4F7556}") = "MQ.RabbitMQ", "src\Framework\Apusic\MQ\MQ.RabbitMQ\MQ.RabbitMQ.csproj", "{BE253129-A0DD-418D-99AD-CFF534F3270D}"
EndProject
Global
	GlobalSection(SolutionConfigurationPlatforms) = preSolution
		Debug|Any CPU = Debug|Any CPU
		Release|Any CPU = Release|Any CPU
	EndGlobalSection
	GlobalSection(ProjectConfigurationPlatforms) = postSolution
		{CA84CAEF-2356-4B52-B5C4-907594DABB81}.Debug|Any CPU.ActiveCfg = Debug|Any CPU
		{CA84CAEF-2356-4B52-B5C4-907594DABB81}.Debug|Any CPU.Build.0 = Debug|Any CPU
		{CA84CAEF-2356-4B52-B5C4-907594DABB81}.Release|Any CPU.ActiveCfg = Release|Any CPU
		{CA84CAEF-2356-4B52-B5C4-907594DABB81}.Release|Any CPU.Build.0 = Release|Any CPU
		{40019587-B5FD-40CC-BB47-D34CE67C5329}.Debug|Any CPU.ActiveCfg = Debug|Any CPU
		{40019587-B5FD-40CC-BB47-D34CE67C5329}.Debug|Any CPU.Build.0 = Debug|Any CPU
		{40019587-B5FD-40CC-BB47-D34CE67C5329}.Release|Any CPU.ActiveCfg = Release|Any CPU
		{40019587-B5FD-40CC-BB47-D34CE67C5329}.Release|Any CPU.Build.0 = Release|Any CPU
		{13AABF68-669B-4DBE-8E40-5F1F2DB5B4DA}.Debug|Any CPU.ActiveCfg = Debug|Any CPU
		{13AABF68-669B-4DBE-8E40-5F1F2DB5B4DA}.Debug|Any CPU.Build.0 = Debug|Any CPU
		{13AABF68-669B-4DBE-8E40-5F1F2DB5B4DA}.Release|Any CPU.ActiveCfg = Release|Any CPU
		{13AABF68-669B-4DBE-8E40-5F1F2DB5B4DA}.Release|Any CPU.Build.0 = Release|Any CPU
		{D00DAAAD-550E-45C6-9B31-8C65B04B85B2}.Debug|Any CPU.ActiveCfg = Debug|Any CPU
		{D00DAAAD-550E-45C6-9B31-8C65B04B85B2}.Debug|Any CPU.Build.0 = Debug|Any CPU
		{D00DAAAD-550E-45C6-9B31-8C65B04B85B2}.Release|Any CPU.ActiveCfg = Release|Any CPU
		{D00DAAAD-550E-45C6-9B31-8C65B04B85B2}.Release|Any CPU.Build.0 = Release|Any CPU
		{BAD4DE6D-7D1D-4555-B545-E9BE80F07BEA}.Debug|Any CPU.ActiveCfg = Debug|Any CPU
		{BAD4DE6D-7D1D-4555-B545-E9BE80F07BEA}.Debug|Any CPU.Build.0 = Debug|Any CPU
		{BAD4DE6D-7D1D-4555-B545-E9BE80F07BEA}.Release|Any CPU.ActiveCfg = Release|Any CPU
		{BAD4DE6D-7D1D-4555-B545-E9BE80F07BEA}.Release|Any CPU.Build.0 = Release|Any CPU
		{4AC690BC-B410-4A2C-AED7-0609B224EFCC}.Debug|Any CPU.ActiveCfg = Debug|Any CPU
		{4AC690BC-B410-4A2C-AED7-0609B224EFCC}.Debug|Any CPU.Build.0 = Debug|Any CPU
		{4AC690BC-B410-4A2C-AED7-0609B224EFCC}.Release|Any CPU.ActiveCfg = Release|Any CPU
		{4AC690BC-B410-4A2C-AED7-0609B224EFCC}.Release|Any CPU.Build.0 = Release|Any CPU
		{4758C55C-9ACF-4F34-AA45-303531270771}.Debug|Any CPU.ActiveCfg = Debug|Any CPU
		{4758C55C-9ACF-4F34-AA45-303531270771}.Debug|Any CPU.Build.0 = Debug|Any CPU
		{4758C55C-9ACF-4F34-AA45-303531270771}.Release|Any CPU.ActiveCfg = Release|Any CPU
		{4758C55C-9ACF-4F34-AA45-303531270771}.Release|Any CPU.Build.0 = Release|Any CPU
		{30F84B44-C466-4E7F-8E90-E33EB5B787F5}.Debug|Any CPU.ActiveCfg = Debug|Any CPU
		{30F84B44-C466-4E7F-8E90-E33EB5B787F5}.Debug|Any CPU.Build.0 = Debug|Any CPU
		{30F84B44-C466-4E7F-8E90-E33EB5B787F5}.Release|Any CPU.ActiveCfg = Release|Any CPU
		{30F84B44-C466-4E7F-8E90-E33EB5B787F5}.Release|Any CPU.Build.0 = Release|Any CPU
		{70E219EA-E535-4670-8AA8-0E31783FF612}.Debug|Any CPU.ActiveCfg = Debug|Any CPU
		{70E219EA-E535-4670-8AA8-0E31783FF612}.Debug|Any CPU.Build.0 = Debug|Any CPU
		{70E219EA-E535-4670-8AA8-0E31783FF612}.Release|Any CPU.ActiveCfg = Release|Any CPU
		{70E219EA-E535-4670-8AA8-0E31783FF612}.Release|Any CPU.Build.0 = Release|Any CPU
		{E3F26DBF-71F8-4FAD-AEB2-4ADA66CE1344}.Debug|Any CPU.ActiveCfg = Debug|Any CPU
		{E3F26DBF-71F8-4FAD-AEB2-4ADA66CE1344}.Debug|Any CPU.Build.0 = Debug|Any CPU
		{E3F26DBF-71F8-4FAD-AEB2-4ADA66CE1344}.Release|Any CPU.ActiveCfg = Release|Any CPU
		{E3F26DBF-71F8-4FAD-AEB2-4ADA66CE1344}.Release|Any CPU.Build.0 = Release|Any CPU
		{4BA9907B-DD65-4A12-BD25-B774DC76C8B9}.Debug|Any CPU.ActiveCfg = Debug|Any CPU
		{4BA9907B-DD65-4A12-BD25-B774DC76C8B9}.Debug|Any CPU.Build.0 = Debug|Any CPU
		{4BA9907B-DD65-4A12-BD25-B774DC76C8B9}.Release|Any CPU.ActiveCfg = Release|Any CPU
		{4BA9907B-DD65-4A12-BD25-B774DC76C8B9}.Release|Any CPU.Build.0 = Release|Any CPU
		{C9F8FEF5-0016-403C-B615-3FAC2AC7582A}.Debug|Any CPU.ActiveCfg = Debug|Any CPU
		{C9F8FEF5-0016-403C-B615-3FAC2AC7582A}.Debug|Any CPU.Build.0 = Debug|Any CPU
		{C9F8FEF5-0016-403C-B615-3FAC2AC7582A}.Release|Any CPU.ActiveCfg = Release|Any CPU
		{C9F8FEF5-0016-403C-B615-3FAC2AC7582A}.Release|Any CPU.Build.0 = Release|Any CPU
		{6CC2E7D3-41B6-4975-B8D3-869BB9A8834C}.Debug|Any CPU.ActiveCfg = Debug|Any CPU
		{6CC2E7D3-41B6-4975-B8D3-869BB9A8834C}.Debug|Any CPU.Build.0 = Debug|Any CPU
		{6CC2E7D3-41B6-4975-B8D3-869BB9A8834C}.Release|Any CPU.ActiveCfg = Release|Any CPU
		{6CC2E7D3-41B6-4975-B8D3-869BB9A8834C}.Release|Any CPU.Build.0 = Release|Any CPU
		{90376973-0290-4209-A1BE-A2EC4D2CF84E}.Debug|Any CPU.ActiveCfg = Debug|Any CPU
		{90376973-0290-4209-A1BE-A2EC4D2CF84E}.Debug|Any CPU.Build.0 = Debug|Any CPU
		{90376973-0290-4209-A1BE-A2EC4D2CF84E}.Release|Any CPU.ActiveCfg = Release|Any CPU
		{90376973-0290-4209-A1BE-A2EC4D2CF84E}.Release|Any CPU.Build.0 = Release|Any CPU
		{64D93E1D-B064-4850-9616-E768DD854694}.Debug|Any CPU.ActiveCfg = Debug|Any CPU
		{64D93E1D-B064-4850-9616-E768DD854694}.Debug|Any CPU.Build.0 = Debug|Any CPU
		{64D93E1D-B064-4850-9616-E768DD854694}.Release|Any CPU.ActiveCfg = Release|Any CPU
		{64D93E1D-B064-4850-9616-E768DD854694}.Release|Any CPU.Build.0 = Release|Any CPU
		{B08BB1E2-C78A-433E-8DBF-9926A1D1E2F5}.Debug|Any CPU.ActiveCfg = Debug|Any CPU
		{B08BB1E2-C78A-433E-8DBF-9926A1D1E2F5}.Debug|Any CPU.Build.0 = Debug|Any CPU
		{B08BB1E2-C78A-433E-8DBF-9926A1D1E2F5}.Release|Any CPU.ActiveCfg = Release|Any CPU
		{B08BB1E2-C78A-433E-8DBF-9926A1D1E2F5}.Release|Any CPU.Build.0 = Release|Any CPU
		{86CA8459-0652-4B7F-8F21-EDDBFBB3E433}.Debug|Any CPU.ActiveCfg = Debug|Any CPU
		{86CA8459-0652-4B7F-8F21-EDDBFBB3E433}.Debug|Any CPU.Build.0 = Debug|Any CPU
		{86CA8459-0652-4B7F-8F21-EDDBFBB3E433}.Release|Any CPU.ActiveCfg = Release|Any CPU
		{86CA8459-0652-4B7F-8F21-EDDBFBB3E433}.Release|Any CPU.Build.0 = Release|Any CPU
		{CE0C27E7-3CC4-4004-8E97-58209478FC28}.Debug|Any CPU.ActiveCfg = Debug|Any CPU
		{CE0C27E7-3CC4-4004-8E97-58209478FC28}.Debug|Any CPU.Build.0 = Debug|Any CPU
		{CE0C27E7-3CC4-4004-8E97-58209478FC28}.Release|Any CPU.ActiveCfg = Release|Any CPU
		{CE0C27E7-3CC4-4004-8E97-58209478FC28}.Release|Any CPU.Build.0 = Release|Any CPU
		{AE42AFF1-F76C-4442-8F94-57ABF2B9CDBD}.Debug|Any CPU.ActiveCfg = Debug|Any CPU
		{AE42AFF1-F76C-4442-8F94-57ABF2B9CDBD}.Debug|Any CPU.Build.0 = Debug|Any CPU
		{AE42AFF1-F76C-4442-8F94-57ABF2B9CDBD}.Release|Any CPU.ActiveCfg = Release|Any CPU
		{AE42AFF1-F76C-4442-8F94-57ABF2B9CDBD}.Release|Any CPU.Build.0 = Release|Any CPU
		{63B4AA82-32ED-4F46-86E2-5C986B0697AD}.Debug|Any CPU.ActiveCfg = Debug|Any CPU
		{63B4AA82-32ED-4F46-86E2-5C986B0697AD}.Debug|Any CPU.Build.0 = Debug|Any CPU
		{63B4AA82-32ED-4F46-86E2-5C986B0697AD}.Release|Any CPU.ActiveCfg = Release|Any CPU
		{63B4AA82-32ED-4F46-86E2-5C986B0697AD}.Release|Any CPU.Build.0 = Release|Any CPU
		{6AC2D2B3-CBC3-4DEA-BF81-D49EEEB94FA0}.Debug|Any CPU.ActiveCfg = Debug|Any CPU
		{6AC2D2B3-CBC3-4DEA-BF81-D49EEEB94FA0}.Debug|Any CPU.Build.0 = Debug|Any CPU
		{6AC2D2B3-CBC3-4DEA-BF81-D49EEEB94FA0}.Release|Any CPU.ActiveCfg = Release|Any CPU
		{6AC2D2B3-CBC3-4DEA-BF81-D49EEEB94FA0}.Release|Any CPU.Build.0 = Release|Any CPU
		{BBEDC252-017B-4DC6-877F-9C8C61A17B43}.Debug|Any CPU.ActiveCfg = Debug|Any CPU
		{BBEDC252-017B-4DC6-877F-9C8C61A17B43}.Debug|Any CPU.Build.0 = Debug|Any CPU
		{BBEDC252-017B-4DC6-877F-9C8C61A17B43}.Release|Any CPU.ActiveCfg = Release|Any CPU
		{BBEDC252-017B-4DC6-877F-9C8C61A17B43}.Release|Any CPU.Build.0 = Release|Any CPU
		{98245DF7-E894-4428-9655-2B099B97A0B3}.Debug|Any CPU.ActiveCfg = Debug|Any CPU
		{98245DF7-E894-4428-9655-2B099B97A0B3}.Debug|Any CPU.Build.0 = Debug|Any CPU
		{98245DF7-E894-4428-9655-2B099B97A0B3}.Release|Any CPU.ActiveCfg = Release|Any CPU
		{98245DF7-E894-4428-9655-2B099B97A0B3}.Release|Any CPU.Build.0 = Release|Any CPU
		{4A8260AE-974E-487F-B6A5-1503DB5F13F5}.Debug|Any CPU.ActiveCfg = Debug|Any CPU
		{4A8260AE-974E-487F-B6A5-1503DB5F13F5}.Debug|Any CPU.Build.0 = Debug|Any CPU
		{4A8260AE-974E-487F-B6A5-1503DB5F13F5}.Release|Any CPU.ActiveCfg = Release|Any CPU
		{4A8260AE-974E-487F-B6A5-1503DB5F13F5}.Release|Any CPU.Build.0 = Release|Any CPU
		{D046DDB1-C420-4BDF-9EE1-4A3138BF4BCD}.Debug|Any CPU.ActiveCfg = Debug|Any CPU
		{D046DDB1-C420-4BDF-9EE1-4A3138BF4BCD}.Debug|Any CPU.Build.0 = Debug|Any CPU
		{D046DDB1-C420-4BDF-9EE1-4A3138BF4BCD}.Release|Any CPU.ActiveCfg = Release|Any CPU
		{D046DDB1-C420-4BDF-9EE1-4A3138BF4BCD}.Release|Any CPU.Build.0 = Release|Any CPU
		{063A9A46-0D53-46F7-882D-CBEE79571F68}.Debug|Any CPU.ActiveCfg = Debug|Any CPU
		{063A9A46-0D53-46F7-882D-CBEE79571F68}.Debug|Any CPU.Build.0 = Debug|Any CPU
		{063A9A46-0D53-46F7-882D-CBEE79571F68}.Release|Any CPU.ActiveCfg = Release|Any CPU
		{063A9A46-0D53-46F7-882D-CBEE79571F68}.Release|Any CPU.Build.0 = Release|Any CPU
		{721318F9-84E5-4A6B-8AFD-327CD41F92A1}.Debug|Any CPU.ActiveCfg = Debug|Any CPU
		{721318F9-84E5-4A6B-8AFD-327CD41F92A1}.Debug|Any CPU.Build.0 = Debug|Any CPU
		{721318F9-84E5-4A6B-8AFD-327CD41F92A1}.Release|Any CPU.ActiveCfg = Release|Any CPU
		{721318F9-84E5-4A6B-8AFD-327CD41F92A1}.Release|Any CPU.Build.0 = Release|Any CPU
		{E9C774A9-BD87-45D6-90D0-6F5E23C89CFC}.Debug|Any CPU.ActiveCfg = Debug|Any CPU
		{E9C774A9-BD87-45D6-90D0-6F5E23C89CFC}.Debug|Any CPU.Build.0 = Debug|Any CPU
		{E9C774A9-BD87-45D6-90D0-6F5E23C89CFC}.Release|Any CPU.ActiveCfg = Release|Any CPU
		{E9C774A9-BD87-45D6-90D0-6F5E23C89CFC}.Release|Any CPU.Build.0 = Release|Any CPU
		{EAFE74BA-AD0B-4519-9F60-F0BED155E354}.Debug|Any CPU.ActiveCfg = Debug|Any CPU
		{EAFE74BA-AD0B-4519-9F60-F0BED155E354}.Debug|Any CPU.Build.0 = Debug|Any CPU
		{EAFE74BA-AD0B-4519-9F60-F0BED155E354}.Release|Any CPU.ActiveCfg = Release|Any CPU
		{EAFE74BA-AD0B-4519-9F60-F0BED155E354}.Release|Any CPU.Build.0 = Release|Any CPU
		{E78F40BD-A281-4DE3-A419-BB813E3A927B}.Debug|Any CPU.ActiveCfg = Debug|Any CPU
		{E78F40BD-A281-4DE3-A419-BB813E3A927B}.Debug|Any CPU.Build.0 = Debug|Any CPU
		{E78F40BD-A281-4DE3-A419-BB813E3A927B}.Release|Any CPU.ActiveCfg = Release|Any CPU
		{E78F40BD-A281-4DE3-A419-BB813E3A927B}.Release|Any CPU.Build.0 = Release|Any CPU
		{A5F8D8F4-BF35-42B5-A19B-A8B4CBF12016}.Debug|Any CPU.ActiveCfg = Debug|Any CPU
		{A5F8D8F4-BF35-42B5-A19B-A8B4CBF12016}.Debug|Any CPU.Build.0 = Debug|Any CPU
		{A5F8D8F4-BF35-42B5-A19B-A8B4CBF12016}.Release|Any CPU.ActiveCfg = Release|Any CPU
		{A5F8D8F4-BF35-42B5-A19B-A8B4CBF12016}.Release|Any CPU.Build.0 = Release|Any CPU
		{85DBC42F-BA0D-4879-8455-49DA9926E6AD}.Debug|Any CPU.ActiveCfg = Debug|Any CPU
		{85DBC42F-BA0D-4879-8455-49DA9926E6AD}.Debug|Any CPU.Build.0 = Debug|Any CPU
		{85DBC42F-BA0D-4879-8455-49DA9926E6AD}.Release|Any CPU.ActiveCfg = Release|Any CPU
		{85DBC42F-BA0D-4879-8455-49DA9926E6AD}.Release|Any CPU.Build.0 = Release|Any CPU
		{B544B3F7-0CA5-4193-986D-A395932C2ABB}.Debug|Any CPU.ActiveCfg = Debug|Any CPU
		{B544B3F7-0CA5-4193-986D-A395932C2ABB}.Debug|Any CPU.Build.0 = Debug|Any CPU
		{B544B3F7-0CA5-4193-986D-A395932C2ABB}.Release|Any CPU.ActiveCfg = Release|Any CPU
		{B544B3F7-0CA5-4193-986D-A395932C2ABB}.Release|Any CPU.Build.0 = Release|Any CPU
		{1E0F2FA9-241E-4603-A625-641414850823}.Debug|Any CPU.ActiveCfg = Debug|Any CPU
		{1E0F2FA9-241E-4603-A625-641414850823}.Debug|Any CPU.Build.0 = Debug|Any CPU
		{1E0F2FA9-241E-4603-A625-641414850823}.Release|Any CPU.ActiveCfg = Release|Any CPU
		{1E0F2FA9-241E-4603-A625-641414850823}.Release|Any CPU.Build.0 = Release|Any CPU
		{3023AE23-213F-4866-A3F7-1CF9BC78DD4B}.Debug|Any CPU.ActiveCfg = Debug|Any CPU
		{3023AE23-213F-4866-A3F7-1CF9BC78DD4B}.Debug|Any CPU.Build.0 = Debug|Any CPU
		{3023AE23-213F-4866-A3F7-1CF9BC78DD4B}.Release|Any CPU.ActiveCfg = Release|Any CPU
		{3023AE23-213F-4866-A3F7-1CF9BC78DD4B}.Release|Any CPU.Build.0 = Release|Any CPU
		{EE7C713F-5BFB-4D9D-A989-BB780F5A2F34}.Debug|Any CPU.ActiveCfg = Debug|Any CPU
		{EE7C713F-5BFB-4D9D-A989-BB780F5A2F34}.Debug|Any CPU.Build.0 = Debug|Any CPU
		{EE7C713F-5BFB-4D9D-A989-BB780F5A2F34}.Release|Any CPU.ActiveCfg = Release|Any CPU
		{EE7C713F-5BFB-4D9D-A989-BB780F5A2F34}.Release|Any CPU.Build.0 = Release|Any CPU
		{2A1B1D52-782E-4FE8-AE1A-5F6129BFB8EF}.Debug|Any CPU.ActiveCfg = Debug|Any CPU
		{2A1B1D52-782E-4FE8-AE1A-5F6129BFB8EF}.Debug|Any CPU.Build.0 = Debug|Any CPU
		{2A1B1D52-782E-4FE8-AE1A-5F6129BFB8EF}.Release|Any CPU.ActiveCfg = Release|Any CPU
		{2A1B1D52-782E-4FE8-AE1A-5F6129BFB8EF}.Release|Any CPU.Build.0 = Release|Any CPU
		{46F3DE86-9A92-4468-BDB6-B6D948D81F9D}.Debug|Any CPU.ActiveCfg = Debug|Any CPU
		{46F3DE86-9A92-4468-BDB6-B6D948D81F9D}.Debug|Any CPU.Build.0 = Debug|Any CPU
		{46F3DE86-9A92-4468-BDB6-B6D948D81F9D}.Release|Any CPU.ActiveCfg = Release|Any CPU
		{46F3DE86-9A92-4468-BDB6-B6D948D81F9D}.Release|Any CPU.Build.0 = Release|Any CPU
		{D2D463A9-5638-4AFF-AF84-99F39F676666}.Debug|Any CPU.ActiveCfg = Debug|Any CPU
		{D2D463A9-5638-4AFF-AF84-99F39F676666}.Debug|Any CPU.Build.0 = Debug|Any CPU
		{D2D463A9-5638-4AFF-AF84-99F39F676666}.Release|Any CPU.ActiveCfg = Release|Any CPU
		{D2D463A9-5638-4AFF-AF84-99F39F676666}.Release|Any CPU.Build.0 = Release|Any CPU
		{9F3B78B9-B7BC-4A8C-BDA0-18D8C5507D54}.Debug|Any CPU.ActiveCfg = Debug|Any CPU
		{9F3B78B9-B7BC-4A8C-BDA0-18D8C5507D54}.Debug|Any CPU.Build.0 = Debug|Any CPU
		{9F3B78B9-B7BC-4A8C-BDA0-18D8C5507D54}.Release|Any CPU.ActiveCfg = Release|Any CPU
		{9F3B78B9-B7BC-4A8C-BDA0-18D8C5507D54}.Release|Any CPU.Build.0 = Release|Any CPU
		{D5E2B65F-27E3-4F35-BBF5-CC05668F25D6}.Debug|Any CPU.ActiveCfg = Debug|Any CPU
		{D5E2B65F-27E3-4F35-BBF5-CC05668F25D6}.Debug|Any CPU.Build.0 = Debug|Any CPU
		{D5E2B65F-27E3-4F35-BBF5-CC05668F25D6}.Release|Any CPU.ActiveCfg = Release|Any CPU
		{D5E2B65F-27E3-4F35-BBF5-CC05668F25D6}.Release|Any CPU.Build.0 = Release|Any CPU
		{50A816DC-ED1E-4060-BDD8-77D26661ED0B}.Debug|Any CPU.ActiveCfg = Debug|Any CPU
		{50A816DC-ED1E-4060-BDD8-77D26661ED0B}.Debug|Any CPU.Build.0 = Debug|Any CPU
		{50A816DC-ED1E-4060-BDD8-77D26661ED0B}.Release|Any CPU.ActiveCfg = Release|Any CPU
		{50A816DC-ED1E-4060-BDD8-77D26661ED0B}.Release|Any CPU.Build.0 = Release|Any CPU
		{4BA38B24-01A0-412C-99B8-1ADDEBE43622}.Debug|Any CPU.ActiveCfg = Debug|Any CPU
		{4BA38B24-01A0-412C-99B8-1ADDEBE43622}.Debug|Any CPU.Build.0 = Debug|Any CPU
		{4BA38B24-01A0-412C-99B8-1ADDEBE43622}.Release|Any CPU.ActiveCfg = Release|Any CPU
		{4BA38B24-01A0-412C-99B8-1ADDEBE43622}.Release|Any CPU.Build.0 = Release|Any CPU
		{A2C0E911-45B3-4DCB-BAF7-05E0974EE03E}.Debug|Any CPU.ActiveCfg = Debug|Any CPU
		{A2C0E911-45B3-4DCB-BAF7-05E0974EE03E}.Debug|Any CPU.Build.0 = Debug|Any CPU
		{A2C0E911-45B3-4DCB-BAF7-05E0974EE03E}.Release|Any CPU.ActiveCfg = Release|Any CPU
		{A2C0E911-45B3-4DCB-BAF7-05E0974EE03E}.Release|Any CPU.Build.0 = Release|Any CPU
		{BE253129-A0DD-418D-99AD-CFF534F3270D}.Debug|Any CPU.ActiveCfg = Debug|Any CPU
		{BE253129-A0DD-418D-99AD-CFF534F3270D}.Debug|Any CPU.Build.0 = Debug|Any CPU
		{BE253129-A0DD-418D-99AD-CFF534F3270D}.Release|Any CPU.ActiveCfg = Release|Any CPU
		{BE253129-A0DD-418D-99AD-CFF534F3270D}.Release|Any CPU.Build.0 = Release|Any CPU
	EndGlobalSection
	GlobalSection(SolutionProperties) = preSolution
		HideSolutionNode = FALSE
	EndGlobalSection
	GlobalSection(NestedProjects) = preSolution
		{0A0A14BC-4569-4C5C-A100-63E5413698DF} = {74E4E16D-C616-4441-B1BF-8FA564B0FE03}
		{8BE92EFE-A776-4E3F-897A-B97180814738} = {0A0A14BC-4569-4C5C-A100-63E5413698DF}
		{CA84CAEF-2356-4B52-B5C4-907594DABB81} = {8BE92EFE-A776-4E3F-897A-B97180814738}
		{266D1247-0402-4AD7-820D-67AF9B7C7D69} = {0A0A14BC-4569-4C5C-A100-63E5413698DF}
		{40019587-B5FD-40CC-BB47-D34CE67C5329} = {266D1247-0402-4AD7-820D-67AF9B7C7D69}
		{CBEB17BA-C3A4-451C-95D5-6FA4EDF17F7E} = {0A0A14BC-4569-4C5C-A100-63E5413698DF}
		{13AABF68-669B-4DBE-8E40-5F1F2DB5B4DA} = {CBEB17BA-C3A4-451C-95D5-6FA4EDF17F7E}
		{AC1D477C-D9A9-4195-BD8A-381ED53F33C5} = {0A0A14BC-4569-4C5C-A100-63E5413698DF}
		{D00DAAAD-550E-45C6-9B31-8C65B04B85B2} = {AC1D477C-D9A9-4195-BD8A-381ED53F33C5}
		{BAD4DE6D-7D1D-4555-B545-E9BE80F07BEA} = {CBEB17BA-C3A4-451C-95D5-6FA4EDF17F7E}
		{8A20B488-093E-4BE0-BACA-75CB49D74827} = {0A0A14BC-4569-4C5C-A100-63E5413698DF}
		{B14A62EF-3160-4D69-8892-1D4A85D30A7E} = {8A20B488-093E-4BE0-BACA-75CB49D74827}
		{4AC690BC-B410-4A2C-AED7-0609B224EFCC} = {B14A62EF-3160-4D69-8892-1D4A85D30A7E}
		{4758C55C-9ACF-4F34-AA45-303531270771} = {B14A62EF-3160-4D69-8892-1D4A85D30A7E}
		{185CA55C-B3E3-4EAD-B3C4-7EC1FD878BD4} = {8A20B488-093E-4BE0-BACA-75CB49D74827}
		{30F84B44-C466-4E7F-8E90-E33EB5B787F5} = {185CA55C-B3E3-4EAD-B3C4-7EC1FD878BD4}
		{70E219EA-E535-4670-8AA8-0E31783FF612} = {185CA55C-B3E3-4EAD-B3C4-7EC1FD878BD4}
		{E3F26DBF-71F8-4FAD-AEB2-4ADA66CE1344} = {185CA55C-B3E3-4EAD-B3C4-7EC1FD878BD4}
		{957CA2B2-5796-4CBD-9F1A-60EA45F002EB} = {8A20B488-093E-4BE0-BACA-75CB49D74827}
		{4BA9907B-DD65-4A12-BD25-B774DC76C8B9} = {957CA2B2-5796-4CBD-9F1A-60EA45F002EB}
		{60FAC15D-B417-4B85-A123-C87C8BBC4D2E} = {A8BC2F0E-F447-4E20-85CB-E54CEF7C8E15}
		{893A4F30-E9FE-4E41-AAA0-4EDAAA1F5188} = {0A0A14BC-4569-4C5C-A100-63E5413698DF}
		{C9F8FEF5-0016-403C-B615-3FAC2AC7582A} = {AC1D477C-D9A9-4195-BD8A-381ED53F33C5}
		{07DFF9AB-0250-43B6-8B10-5C3F3F504C04} = {A8BC2F0E-F447-4E20-85CB-E54CEF7C8E15}
		{6CC2E7D3-41B6-4975-B8D3-869BB9A8834C} = {893A4F30-E9FE-4E41-AAA0-4EDAAA1F5188}
		{930AF546-D112-4019-9E36-E39ED2B2EBCB} = {A8BC2F0E-F447-4E20-85CB-E54CEF7C8E15}
		{90376973-0290-4209-A1BE-A2EC4D2CF84E} = {266D1247-0402-4AD7-820D-67AF9B7C7D69}
		{44B1DD79-0157-4263-B5A7-AF2B4D625AC5} = {0A0A14BC-4569-4C5C-A100-63E5413698DF}
		{64D93E1D-B064-4850-9616-E768DD854694} = {44B1DD79-0157-4263-B5A7-AF2B4D625AC5}
		{B08BB1E2-C78A-433E-8DBF-9926A1D1E2F5} = {CBEB17BA-C3A4-451C-95D5-6FA4EDF17F7E}
		{86CA8459-0652-4B7F-8F21-EDDBFBB3E433} = {957CA2B2-5796-4CBD-9F1A-60EA45F002EB}
		{9C848046-459D-41B4-B479-13E406B97C4A} = {0A0A14BC-4569-4C5C-A100-63E5413698DF}
		{CE0C27E7-3CC4-4004-8E97-58209478FC28} = {9C848046-459D-41B4-B479-13E406B97C4A}
		{AE42AFF1-F76C-4442-8F94-57ABF2B9CDBD} = {9C848046-459D-41B4-B479-13E406B97C4A}
		{235A2FD4-BD93-4729-A689-0F26D7E60610} = {74E4E16D-C616-4441-B1BF-8FA564B0FE03}
		{48576B23-B438-4B9B-8E7C-90C9B25ED4E4} = {235A2FD4-BD93-4729-A689-0F26D7E60610}
		{63B4AA82-32ED-4F46-86E2-5C986B0697AD} = {48576B23-B438-4B9B-8E7C-90C9B25ED4E4}
		{6AC2D2B3-CBC3-4DEA-BF81-D49EEEB94FA0} = {48576B23-B438-4B9B-8E7C-90C9B25ED4E4}
		{BBEDC252-017B-4DC6-877F-9C8C61A17B43} = {48576B23-B438-4B9B-8E7C-90C9B25ED4E4}
		{98245DF7-E894-4428-9655-2B099B97A0B3} = {235A2FD4-BD93-4729-A689-0F26D7E60610}
		{4A8260AE-974E-487F-B6A5-1503DB5F13F5} = {235A2FD4-BD93-4729-A689-0F26D7E60610}
		{D046DDB1-C420-4BDF-9EE1-4A3138BF4BCD} = {185CA55C-B3E3-4EAD-B3C4-7EC1FD878BD4}
		{1648E152-6907-4B52-A887-6F6102A12D50} = {1773F6EE-E2EA-4C88-B802-43583F95B6FE}
		{063A9A46-0D53-46F7-882D-CBEE79571F68} = {48576B23-B438-4B9B-8E7C-90C9B25ED4E4}
		{5CF9881B-A6C4-4746-807E-7E1CB8D0AC58} = {1773F6EE-E2EA-4C88-B802-43583F95B6FE}
		{84F5A7ED-CE1E-4E68-A703-0785FB5AEADC} = {0A0A14BC-4569-4C5C-A100-63E5413698DF}
		{721318F9-84E5-4A6B-8AFD-327CD41F92A1} = {84F5A7ED-CE1E-4E68-A703-0785FB5AEADC}
		{E9C774A9-BD87-45D6-90D0-6F5E23C89CFC} = {84F5A7ED-CE1E-4E68-A703-0785FB5AEADC}
		{E063CF6C-C069-4E83-971E-0C10E00DE7F0} = {1773F6EE-E2EA-4C88-B802-43583F95B6FE}
		{EAFE74BA-AD0B-4519-9F60-F0BED155E354} = {84F5A7ED-CE1E-4E68-A703-0785FB5AEADC}
		{1773F6EE-E2EA-4C88-B802-43583F95B6FE} = {0A0A14BC-4569-4C5C-A100-63E5413698DF}
		{E78F40BD-A281-4DE3-A419-BB813E3A927B} = {1648E152-6907-4B52-A887-6F6102A12D50}
		{A5F8D8F4-BF35-42B5-A19B-A8B4CBF12016} = {1648E152-6907-4B52-A887-6F6102A12D50}
		{85DBC42F-BA0D-4879-8455-49DA9926E6AD} = {1648E152-6907-4B52-A887-6F6102A12D50}
		{B544B3F7-0CA5-4193-986D-A395932C2ABB} = {E063CF6C-C069-4E83-971E-0C10E00DE7F0}
		{1E0F2FA9-241E-4603-A625-641414850823} = {E063CF6C-C069-4E83-971E-0C10E00DE7F0}
		{3023AE23-213F-4866-A3F7-1CF9BC78DD4B} = {E063CF6C-C069-4E83-971E-0C10E00DE7F0}
		{EE7C713F-5BFB-4D9D-A989-BB780F5A2F34} = {5CF9881B-A6C4-4746-807E-7E1CB8D0AC58}
		{2A1B1D52-782E-4FE8-AE1A-5F6129BFB8EF} = {5CF9881B-A6C4-4746-807E-7E1CB8D0AC58}
		{46F3DE86-9A92-4468-BDB6-B6D948D81F9D} = {5CF9881B-A6C4-4746-807E-7E1CB8D0AC58}
		{A8BC2F0E-F447-4E20-85CB-E54CEF7C8E15} = {0A0A14BC-4569-4C5C-A100-63E5413698DF}
		{D2D463A9-5638-4AFF-AF84-99F39F676666} = {44B1DD79-0157-4263-B5A7-AF2B4D625AC5}
		{9F3B78B9-B7BC-4A8C-BDA0-18D8C5507D54} = {07DFF9AB-0250-43B6-8B10-5C3F3F504C04}
		{D5E2B65F-27E3-4F35-BBF5-CC05668F25D6} = {07DFF9AB-0250-43B6-8B10-5C3F3F504C04}
		{50A816DC-ED1E-4060-BDD8-77D26661ED0B} = {07DFF9AB-0250-43B6-8B10-5C3F3F504C04}
		{4BA38B24-01A0-412C-99B8-1ADDEBE43622} = {07DFF9AB-0250-43B6-8B10-5C3F3F504C04}
		{A2C0E911-45B3-4DCB-BAF7-05E0974EE03E} = {60FAC15D-B417-4B85-A123-C87C8BBC4D2E}
		{BE253129-A0DD-418D-99AD-CFF534F3270D} = {930AF546-D112-4019-9E36-E39ED2B2EBCB}
	EndGlobalSection
	GlobalSection(ExtensibilityGlobals) = postSolution
		SolutionGuid = {19A2CC6E-58D3-47C8-9429-45AAC348D4DC}
	EndGlobalSection
EndGlobal
